
Microsoft Visual Studio Solution File, Format Version 12.00
# Visual Studio Version 16
VisualStudioVersion = 16.0.29609.76
MinimumVisualStudioVersion = 10.0.40219.1
Project("{FAE04EC0-301F-11D3-BF4B-00C04F79EFBC}") = "Lab05_Unit_Testing", "Lab05_Unit_Testing.csproj", "{87BDE898-1E0B-4F21-9773-440BE3FF1B72}"
EndProject
Project("{FAE04EC0-301F-11D3-BF4B-00C04F79EFBC}") = "TestCalculatorMethods", "..\TestCalculatorMethods\TestCalculatorMethods.csproj", "{77D8C02C-73DC-4EF8-A51E-1B9F8C3A49EE}"
EndProject
Global
	GlobalSection(SolutionConfigurationPlatforms) = preSolution
		Debug|Any CPU = Debug|Any CPU
		Release|Any CPU = Release|Any CPU
	EndGlobalSection
	GlobalSection(ProjectConfigurationPlatforms) = postSolution
		{87BDE898-1E0B-4F21-9773-440BE3FF1B72}.Debug|Any CPU.ActiveCfg = Debug|Any CPU
		{87BDE898-1E0B-4F21-9773-440BE3FF1B72}.Debug|Any CPU.Build.0 = Debug|Any CPU
		{87BDE898-1E0B-4F21-9773-440BE3FF1B72}.Release|Any CPU.ActiveCfg = Release|Any CPU
		{87BDE898-1E0B-4F21-9773-440BE3FF1B72}.Release|Any CPU.Build.0 = Release|Any CPU
		{77D8C02C-73DC-4EF8-A51E-1B9F8C3A49EE}.Debug|Any CPU.ActiveCfg = Debug|Any CPU
		{77D8C02C-73DC-4EF8-A51E-1B9F8C3A49EE}.Debug|Any CPU.Build.0 = Debug|Any CPU
		{77D8C02C-73DC-4EF8-A51E-1B9F8C3A49EE}.Release|Any CPU.ActiveCfg = Release|Any CPU
		{77D8C02C-73DC-4EF8-A51E-1B9F8C3A49EE}.Release|Any CPU.Build.0 = Release|Any CPU
	EndGlobalSection
	GlobalSection(SolutionProperties) = preSolution
		HideSolutionNode = FALSE
	EndGlobalSection
	GlobalSection(ExtensibilityGlobals) = postSolution
		SolutionGuid = {6EDC7A6E-0806-48CC-A590-F8964D28D8EC}
	EndGlobalSection
EndGlobal
